
Microsoft Visual Studio Solution File, Format Version 12.00
Project("{FAE04EC0-301F-11D3-BF4B-00C04F79EFBC}") = "TraefikHighAvailabilitySyncer", "TraefikHighAvailabilitySyncer\TraefikHighAvailabilitySyncer.csproj", "{EC4D6EF8-20A8-4241-BF70-A9CB70FD9B17}"
EndProject
Project("{2150E333-8FDC-42A3-9474-1A3956D46DE8}") = "Solution Items", "Solution Items", "{8349B72E-5720-4DCD-AFBE-37812B0FC2E4}"
	ProjectSection(SolutionItems) = preProject
		compose.yaml = compose.yaml
	EndProjectSection
EndProject
Global
	GlobalSection(SolutionConfigurationPlatforms) = preSolution
		Debug|Any CPU = Debug|Any CPU
		Release|Any CPU = Release|Any CPU
	EndGlobalSection
	GlobalSection(ProjectConfigurationPlatforms) = postSolution
		{EC4D6EF8-20A8-4241-BF70-A9CB70FD9B17}.Debug|Any CPU.ActiveCfg = Debug|Any CPU
		{EC4D6EF8-20A8-4241-BF70-A9CB70FD9B17}.Debug|Any CPU.Build.0 = Debug|Any CPU
		{EC4D6EF8-20A8-4241-BF70-A9CB70FD9B17}.Release|Any CPU.ActiveCfg = Release|Any CPU
		{EC4D6EF8-20A8-4241-BF70-A9CB70FD9B17}.Release|Any CPU.Build.0 = Release|Any CPU
	EndGlobalSection
EndGlobal
